
Microsoft Visual Studio Solution File, Format Version 12.00
# Visual Studio Version 17
VisualStudioVersion = 17.14.37111.16 d17.14
MinimumVisualStudioVersion = 10.0.40219.1
Project("{FAE04EC0-301F-11D3-BF4B-00C04F79EFBC}") = "MediaCatalog", "MediaCatalog\MediaCatalog.csproj", "{797A4361-7731-4376-A995-83A212A37FC2}"
EndProject
Global
	GlobalSection(SolutionConfigurationPlatforms) = preSolution
		Debug|Any CPU = Debug|Any CPU
		Release|Any CPU = Release|Any CPU
	EndGlobalSection
	GlobalSection(ProjectConfigurationPlatforms) = postSolution
		{797A4361-7731-4376-A995-83A212A37FC2}.Debug|Any CPU.ActiveCfg = Debug|Any CPU
		{797A4361-7731-4376-A995-83A212A37FC2}.Debug|Any CPU.Build.0 = Debug|Any CPU
		{797A4361-7731-4376-A995-83A212A37FC2}.Release|Any CPU.ActiveCfg = Release|Any CPU
		{797A4361-7731-4376-A995-83A212A37FC2}.Release|Any CPU.Build.0 = Release|Any CPU
	EndGlobalSection
	GlobalSection(SolutionProperties) = preSolution
		HideSolutionNode = FALSE
	EndGlobalSection
	GlobalSection(ExtensibilityGlobals) = postSolution
		SolutionGuid = {3C0D1CC6-B4C3-408C-B4B7-193CAA24C6A6}
	EndGlobalSection
EndGlobal
